Microsoft Visual Studio Solution File, Format Version 11.00
# Visual Studio 2008

Project("{FC2138A2-A72D-1AEF-C35F-91017A401A8A}") = "Down Town", "Assembly-CSharp.csproj", "{E0337DBD-7315-2977-C5CF-4612FEDD4FE6}"
EndProject
Global
	GlobalSection(SolutionConfigurationPlatforms) = preSolution
		Debug|Any CPU = Debug|Any CPU
		Release|Any CPU = Release|Any CPU
	EndGlobalSection
	GlobalSection(ProjectConfigurationPlatforms) = postSolution
		{E0337DBD-7315-2977-C5CF-4612FEDD4FE6}.Debug|Any CPU.ActiveCfg = Debug|Any CPU
		{E0337DBD-7315-2977-C5CF-4612FEDD4FE6}.Debug|Any CPU.Build.0 = Debug|Any CPU
		{E0337DBD-7315-2977-C5CF-4612FEDD4FE6}.Release|Any CPU.ActiveCfg = Release|Any CPU
		{E0337DBD-7315-2977-C5CF-4612FEDD4FE6}.Release|Any CPU.Build.0 = Release|Any CPU
	EndGlobalSection
	GlobalSection(SolutionProperties) = preSolution
		HideSolutionNode = FALSE
	EndGlobalSection
	GlobalSection(MonoDevelopProperties) = preSolution
		StartupItem = Assembly-CSharp.csproj
	EndGlobalSection
EndGlobal
